
Microsoft Visual Studio Solution File, Format Version 12.00
# Visual Studio Version 17
VisualStudioVersion = 17.13.35919.96 d17.13
MinimumVisualStudioVersion = 10.0.40219.1
Project("{FAE04EC0-301F-11D3-BF4B-00C04F79EFBC}") = "GalaxyOfDrone installer", "GalaxyOfDrone installer\GalaxyOfDrone installer.csproj", "{CFE1927F-E662-487E-B057-6D2B1FF459EC}"
EndProject
Global
	GlobalSection(SolutionConfigurationPlatforms) = preSolution
		Debug|Any CPU = Debug|Any CPU
		Release|Any CPU = Release|Any CPU
	EndGlobalSection
	GlobalSection(ProjectConfigurationPlatforms) = postSolution
		{CFE1927F-E662-487E-B057-6D2B1FF459EC}.Debug|Any CPU.ActiveCfg = Debug|Any CPU
		{CFE1927F-E662-487E-B057-6D2B1FF459EC}.Debug|Any CPU.Build.0 = Debug|Any CPU
		{CFE1927F-E662-487E-B057-6D2B1FF459EC}.Release|Any CPU.ActiveCfg = Release|Any CPU
		{CFE1927F-E662-487E-B057-6D2B1FF459EC}.Release|Any CPU.Build.0 = Release|Any CPU
	EndGlobalSection
	GlobalSection(SolutionProperties) = preSolution
		HideSolutionNode = FALSE
	EndGlobalSection
	GlobalSection(ExtensibilityGlobals) = postSolution
		SolutionGuid = {46DD26B9-CDB0-4850-8C61-631DE9C78C43}
	EndGlobalSection
EndGlobal
